{
  "name": "linke-cli",
  "version": "0.7.0",
  "lockfileVersion": 3,
  "requires": true,
  "packages": {
    "": {
      "name": "linke-cli",
      "version": "0.7.0",
      "license": "MIT",
      "bin": {
        "linke": "bin/linke.mjs"
      },
      "engines": {
        "node": ">=18.14"
      }
    }
  }
}
