{
  "name": "linke-cli",
  "version": "1.6.0",
  "lockfileVersion": 3,
  "requires": true,
  "packages": {
    "": {
      "name": "linke-cli",
      "version": "1.6.0",
      "license": "MIT",
      "workspaces": [
        "packages/*"
      ],
      "dependencies": {
        "linke-sdufe": "^0.1.0"
      },
      "bin": {
        "linke": "bin/linke.mjs"
      },
      "engines": {
        "node": ">=18.14"
      }
    },
    "node_modules/linke-sdufe": {
      "resolved": "packages/sdufe",
      "link": true
    },
    "packages/sdufe": {
      "name": "linke-sdufe",
      "version": "0.1.0",
      "license": "MIT",
      "engines": {
        "node": ">=18.14"
      }
    }
  }
}
